{
  "name": "test",
  "version": "1.0.0",
  "lockfileVersion": 2,
  "requires": true,
  "packages": {
    "": {
      "name": "test",
      "version": "1.0.0",
      "license": "ISC",
      "dependencies": {
        "hextile": "^1.1.1"
      }
    },
    "node_modules/hextile": {
      "version": "1.1.1",
      "resolved": "https://registry.npmjs.org/hextile/-/hextile-1.1.1.tgz",
      "integrity": "sha512-YSWUIi2XPdwO9Vd+r5D54U3aeptD6Itrt2TWZUDKLdwkX0VEsuUzfhax2pG0ZJIJt7rzP4+MlNdXJsjMIL+PrQ==",
      "dependencies": {
        "lodash": "^4.17.4"
      },
      "bin": {
        "hextile": "bin/hextile.js"
      }
    },
    "node_modules/lodash": {
      "version": "4.17.21",
      "resolved": "https://registry.npmjs.org/lodash/-/lodash-4.17.21.tgz",
      "integrity": "sha512-v2kDEe57lecTulaDIuNTPy3Ry4gLGJ6Z1O3vE1krgXZNrsQ+LFTGHVxVjcXPs17LhbZVGedAJv8XZ1tvj5FvSg=="
    }
  },
  "dependencies": {
    "hextile": {
      "version": "1.1.1",
      "resolved": "https://registry.npmjs.org/hextile/-/hextile-1.1.1.tgz",
      "integrity": "sha512-YSWUIi2XPdwO9Vd+r5D54U3aeptD6Itrt2TWZUDKLdwkX0VEsuUzfhax2pG0ZJIJt7rzP4+MlNdXJsjMIL+PrQ==",
      "requires": {
        "lodash": "^4.17.4"
      }
    },
    "lodash": {
      "version": "4.17.21",
      "resolved": "https://registry.npmjs.org/lodash/-/lodash-4.17.21.tgz",
      "integrity": "sha512-v2kDEe57lecTulaDIuNTPy3Ry4gLGJ6Z1O3vE1krgXZNrsQ+LFTGHVxVjcXPs17LhbZVGedAJv8XZ1tvj5FvSg=="
    }
  }
}
